Microsoft Visual Studio Solution File, Format Version 12.00
# Visual Studio Version 17
VisualStudioVersion = 17.5.2.0
MinimumVisualStudioVersion = 10.0.40219.1
Project("{FAE04EC0-301F-11D3-BF4B-00C04F79EFBC}") = "Portfolio.Web", "Portfolio.Web.csproj", "{924819FD-1ADE-81D9-B007-DFBE5EA4B67E}"
EndProject
Global
	GlobalSection(SolutionConfigurationPlatforms) = preSolution
		Debug|Any CPU = Debug|Any CPU
		Release|Any CPU = Release|Any CPU
	EndGlobalSection
	GlobalSection(ProjectConfigurationPlatforms) = postSolution
		{924819FD-1ADE-81D9-B007-DFBE5EA4B67E}.Debug|Any CPU.ActiveCfg = Debug|Any CPU
		{924819FD-1ADE-81D9-B007-DFBE5EA4B67E}.Debug|Any CPU.Build.0 = Debug|Any CPU
		{924819FD-1ADE-81D9-B007-DFBE5EA4B67E}.Release|Any CPU.ActiveCfg = Release|Any CPU
		{924819FD-1ADE-81D9-B007-DFBE5EA4B67E}.Release|Any CPU.Build.0 = Release|Any CPU
	EndGlobalSection
	GlobalSection(SolutionProperties) = preSolution
		HideSolutionNode = FALSE
	EndGlobalSection
	GlobalSection(ExtensibilityGlobals) = postSolution
		SolutionGuid = {7CA890D4-CC6C-4E85-8F9F-1D98E0013265}
	EndGlobalSection
EndGlobal
